
Microsoft Visual Studio Solution File, Format Version 12.00
# Visual Studio 15
VisualStudioVersion = 15.0.26009.0
MinimumVisualStudioVersion = 10.0.40219.1
Project("{9A19103F-16F7-4668-BE54-9A1E7A4F7556}") = "WindowsStateTriggers", "WindowsStateTriggers\WindowsStateTriggers.csproj", "{52D52F3C-4F64-4957-9FE8-780B7D7F75C3}"
EndProject
Project("{FAE04EC0-301F-11D3-BF4B-00C04F79EFBC}") = "TestApp", "TestApp\TestApp.csproj", "{2ED0BAA2-7751-4315-882D-B1C033456220}"
EndProject
Project("{2150E333-8FDC-42A3-9474-1A3956D46DE8}") = "Markdown", "Markdown", "{62652FAD-D003-4979-BEC0-BB60027CD884}"
	ProjectSection(SolutionItems) = preProject
		..\LICENSE = ..\LICENSE
		..\README.md = ..\README.md
	EndProjectSection
EndProject
Project("{2150E333-8FDC-42A3-9474-1A3956D46DE8}") = "Solution Items", "Solution Items", "{385AB049-EBF3-4B9D-894C-BA16586AA3AF}"
	ProjectSection(SolutionItems) = preProject
		WIndowsStateTriggers.nuspec = WIndowsStateTriggers.nuspec
	EndProjectSection
EndProject
Project("{FAE04EC0-301F-11D3-BF4B-00C04F79EFBC}") = "TestApp.Droid", "TestApp.Droid\TestApp.Droid.csproj", "{E19ABA81-B9E0-4E38-8155-1CC36FB91C67}"
EndProject
Project("{FAE04EC0-301F-11D3-BF4B-00C04F79EFBC}") = "TestApp.iOS", "TestApp.iOS\TestApp.iOS.csproj", "{C47A591D-36F4-45D1-AD09-6D2A62D98788}"
EndProject
Project("{D954291E-2A0B-460D-934E-DC6B0785DB48}") = "TestApp.Shared", "TestApp.Shared\TestApp.Shared.shproj", "{6279C845-92F8-4333-AB99-3D213163593C}"
EndProject
Project("{9A19103F-16F7-4668-BE54-9A1E7A4F7556}") = "TestApp.Wasm", "TestApp.Wasm\TestApp.Wasm.csproj", "{E7EAF2D0-D6C2-49DD-AD02-D824B287720A}"
EndProject
Global
	GlobalSection(SharedMSBuildProjectFiles) = preSolution
		TestApp.Shared\TestApp.Shared.projitems*{2ed0baa2-7751-4315-882d-b1c033456220}*SharedItemsImports = 4
		TestApp.Shared\TestApp.Shared.projitems*{6279c845-92f8-4333-ab99-3d213163593c}*SharedItemsImports = 13
		TestApp.Shared\TestApp.Shared.projitems*{c47a591d-36f4-45d1-ad09-6d2a62d98788}*SharedItemsImports = 4
		TestApp.Shared\TestApp.Shared.projitems*{e19aba81-b9e0-4e38-8155-1cc36fb91c67}*SharedItemsImports = 4
	EndGlobalSection
	GlobalSection(SolutionConfigurationPlatforms) = preSolution
		Ad-Hoc|Any CPU = Ad-Hoc|Any CPU
		Ad-Hoc|ARM = Ad-Hoc|ARM
		Ad-Hoc|iPhone = Ad-Hoc|iPhone
		Ad-Hoc|iPhoneSimulator = Ad-Hoc|iPhoneSimulator
		Ad-Hoc|x64 = Ad-Hoc|x64
		Ad-Hoc|x86 = Ad-Hoc|x86
		AppStore|Any CPU = AppStore|Any CPU
		AppStore|ARM = AppStore|ARM
		AppStore|iPhone = AppStore|iPhone
		AppStore|iPhoneSimulator = AppStore|iPhoneSimulator
		AppStore|x64 = AppStore|x64
		AppStore|x86 = AppStore|x86
		Debug|Any CPU = Debug|Any CPU
		Debug|ARM = Debug|ARM
		Debug|iPhone = Debug|iPhone
		Debug|iPhoneSimulator = Debug|iPhoneSimulator
		Debug|x64 = Debug|x64
		Debug|x86 = Debug|x86
		Release|Any CPU = Release|Any CPU
		Release|ARM = Release|ARM
		Release|iPhone = Release|iPhone
		Release|iPhoneSimulator = Release|iPhoneSimulator
		Release|x64 = Release|x64
		Release|x86 = Release|x86
	EndGlobalSection
	GlobalSection(ProjectConfigurationPlatforms) = postSolution
		{52D52F3C-4F64-4957-9FE8-780B7D7F75C3}.Ad-Hoc|Any CPU.ActiveCfg = Release|Any CPU
		{52D52F3C-4F64-4957-9FE8-780B7D7F75C3}.Ad-Hoc|Any CPU.Build.0 = Release|Any CPU
		{52D52F3C-4F64-4957-9FE8-780B7D7F75C3}.Ad-Hoc|ARM.ActiveCfg = Debug|Any CPU
		{52D52F3C-4F64-4957-9FE8-780B7D7F75C3}.Ad-Hoc|ARM.Build.0 = Debug|Any CPU
		{52D52F3C-4F64-4957-9FE8-780B7D7F75C3}.Ad-Hoc|iPhone.ActiveCfg = Release|Any CPU
		{52D52F3C-4F64-4957-9FE8-780B7D7F75C3}.Ad-Hoc|iPhone.Build.0 = Release|Any CPU
		{52D52F3C-4F64-4957-9FE8-780B7D7F75C3}.Ad-Hoc|iPhoneSimulator.ActiveCfg = Release|Any CPU
		{52D52F3C-4F64-4957-9FE8-780B7D7F75C3}.Ad-Hoc|iPhoneSimulator.Build.0 = Release|Any CPU
		{52D52F3C-4F64-4957-9FE8-780B7D7F75C3}.Ad-Hoc|x64.ActiveCfg = Debug|Any CPU
		{52D52F3C-4F64-4957-9FE8-780B7D7F75C3}.Ad-Hoc|x64.Build.0 = Debug|Any CPU
		{52D52F3C-4F64-4957-9FE8-780B7D7F75C3}.Ad-Hoc|x86.ActiveCfg = Debug|Any CPU
		{52D52F3C-4F64-4957-9FE8-780B7D7F75C3}.Ad-Hoc|x86.Build.0 = Debug|Any CPU
		{52D52F3C-4F64-4957-9FE8-780B7D7F75C3}.AppStore|Any CPU.ActiveCfg = Release|Any CPU
		{52D52F3C-4F64-4957-9FE8-780B7D7F75C3}.AppStore|Any CPU.Build.0 = Release|Any CPU
		{52D52F3C-4F64-4957-9FE8-780B7D7F75C3}.AppStore|ARM.ActiveCfg = Debug|Any CPU
		{52D52F3C-4F64-4957-9FE8-780B7D7F75C3}.AppStore|ARM.Build.0 = Debug|Any CPU
		{52D52F3C-4F64-4957-9FE8-780B7D7F75C3}.AppStore|iPhone.ActiveCfg = Release|Any CPU
		{52D52F3C-4F64-4957-9FE8-780B7D7F75C3}.AppStore|iPhone.Build.0 = Release|Any CPU
		{52D52F3C-4F64-4957-9FE8-780B7D7F75C3}.AppStore|iPhoneSimulator.ActiveCfg = Release|Any CPU
		{52D52F3C-4F64-4957-9FE8-780B7D7F75C3}.AppStore|iPhoneSimulator.Build.0 = Release|Any CPU
		{52D52F3C-4F64-4957-9FE8-780B7D7F75C3}.AppStore|x64.ActiveCfg = Debug|Any CPU
		{52D52F3C-4F64-4957-9FE8-780B7D7F75C3}.AppStore|x64.Build.0 = Debug|Any CPU
		{52D52F3C-4F64-4957-9FE8-780B7D7F75C3}.AppStore|x86.ActiveCfg = Debug|Any CPU
		{52D52F3C-4F64-4957-9FE8-780B7D7F75C3}.AppStore|x86.Build.0 = Debug|Any CPU
		{52D52F3C-4F64-4957-9FE8-780B7D7F75C3}.Debug|Any CPU.ActiveCfg = Debug|Any CPU
		{52D52F3C-4F64-4957-9FE8-780B7D7F75C3}.Debug|Any CPU.Build.0 = Debug|Any CPU
		{52D52F3C-4F64-4957-9FE8-780B7D7F75C3}.Debug|ARM.ActiveCfg = Debug|Any CPU
		{52D52F3C-4F64-4957-9FE8-780B7D7F75C3}.Debug|ARM.Build.0 = Debug|Any CPU
		{52D52F3C-4F64-4957-9FE8-780B7D7F75C3}.Debug|iPhone.ActiveCfg = Debug|Any CPU
		{52D52F3C-4F64-4957-9FE8-780B7D7F75C3}.Debug|iPhone.Build.0 = Debug|Any CPU
		{52D52F3C-4F64-4957-9FE8-780B7D7F75C3}.Debug|iPhoneSimulator.ActiveCfg = Debug|Any CPU
		{52D52F3C-4F64-4957-9FE8-780B7D7F75C3}.Debug|iPhoneSimulator.Build.0 = Debug|Any CPU
		{52D52F3C-4F64-4957-9FE8-780B7D7F75C3}.Debug|x64.ActiveCfg = Debug|Any CPU
		{52D52F3C-4F64-4957-9FE8-780B7D7F75C3}.Debug|x64.Build.0 = Debug|Any CPU
		{52D52F3C-4F64-4957-9FE8-780B7D7F75C3}.Debug|x86.ActiveCfg = Debug|Any CPU
		{52D52F3C-4F64-4957-9FE8-780B7D7F75C3}.Debug|x86.Build.0 = Debug|Any CPU
		{52D52F3C-4F64-4957-9FE8-780B7D7F75C3}.Release|Any CPU.ActiveCfg = Release|Any CPU
		{52D52F3C-4F64-4957-9FE8-780B7D7F75C3}.Release|Any CPU.Build.0 = Release|Any CPU
		{52D52F3C-4F64-4957-9FE8-780B7D7F75C3}.Release|ARM.ActiveCfg = Release|Any CPU
		{52D52F3C-4F64-4957-9FE8-780B7D7F75C3}.Release|ARM.Build.0 = Release|Any CPU
		{52D52F3C-4F64-4957-9FE8-780B7D7F75C3}.Release|iPhone.ActiveCfg = Release|Any CPU
		{52D52F3C-4F64-4957-9FE8-780B7D7F75C3}.Release|iPhone.Build.0 = Release|Any CPU
		{52D52F3C-4F64-4957-9FE8-780B7D7F75C3}.Release|iPhoneSimulator.ActiveCfg = Release|Any CPU
		{52D52F3C-4F64-4957-9FE8-780B7D7F75C3}.Release|iPhoneSimulator.Build.0 = Release|Any CPU
		{52D52F3C-4F64-4957-9FE8-780B7D7F75C3}.Release|x64.ActiveCfg = Release|Any CPU
		{52D52F3C-4F64-4957-9FE8-780B7D7F75C3}.Release|x64.Build.0 = Release|Any CPU
		{52D52F3C-4F64-4957-9FE8-780B7D7F75C3}.Release|x86.ActiveCfg = Release|Any CPU
		{52D52F3C-4F64-4957-9FE8-780B7D7F75C3}.Release|x86.Build.0 = Release|Any CPU
		{2ED0BAA2-7751-4315-882D-B1C033456220}.Ad-Hoc|Any CPU.ActiveCfg = Release|x64
		{2ED0BAA2-7751-4315-882D-B1C033456220}.Ad-Hoc|Any CPU.Build.0 = Release|x64
		{2ED0BAA2-7751-4315-882D-B1C033456220}.Ad-Hoc|Any CPU.Deploy.0 = Release|x64
		{2ED0BAA2-7751-4315-882D-B1C033456220}.Ad-Hoc|ARM.ActiveCfg = Release|ARM
		{2ED0BAA2-7751-4315-882D-B1C033456220}.Ad-Hoc|ARM.Build.0 = Release|ARM
		{2ED0BAA2-7751-4315-882D-B1C033456220}.Ad-Hoc|ARM.Deploy.0 = Release|ARM
		{2ED0BAA2-7751-4315-882D-B1C033456220}.Ad-Hoc|iPhone.ActiveCfg = Release|x64
		{2ED0BAA2-7751-4315-882D-B1C033456220}.Ad-Hoc|iPhone.Build.0 = Release|x64
		{2ED0BAA2-7751-4315-882D-B1C033456220}.Ad-Hoc|iPhone.Deploy.0 = Release|x64
		{2ED0BAA2-7751-4315-882D-B1C033456220}.Ad-Hoc|iPhoneSimulator.ActiveCfg = Release|x64
		{2ED0BAA2-7751-4315-882D-B1C033456220}.Ad-Hoc|iPhoneSimulator.Build.0 = Release|x64
		{2ED0BAA2-7751-4315-882D-B1C033456220}.Ad-Hoc|iPhoneSimulator.Deploy.0 = Release|x64
		{2ED0BAA2-7751-4315-882D-B1C033456220}.Ad-Hoc|x64.ActiveCfg = Release|x64
		{2ED0BAA2-7751-4315-882D-B1C033456220}.Ad-Hoc|x64.Build.0 = Release|x64
		{2ED0BAA2-7751-4315-882D-B1C033456220}.Ad-Hoc|x64.Deploy.0 = Release|x64
		{2ED0BAA2-7751-4315-882D-B1C033456220}.Ad-Hoc|x86.ActiveCfg = Release|x86
		{2ED0BAA2-7751-4315-882D-B1C033456220}.Ad-Hoc|x86.Build.0 = Release|x86
		{2ED0BAA2-7751-4315-882D-B1C033456220}.Ad-Hoc|x86.Deploy.0 = Release|x86
		{2ED0BAA2-7751-4315-882D-B1C033456220}.AppStore|Any CPU.ActiveCfg = Release|x64
		{2ED0BAA2-7751-4315-882D-B1C033456220}.AppStore|Any CPU.Build.0 = Release|x64
		{2ED0BAA2-7751-4315-882D-B1C033456220}.AppStore|Any CPU.Deploy.0 = Release|x64
		{2ED0BAA2-7751-4315-882D-B1C033456220}.AppStore|ARM.ActiveCfg = Release|ARM
		{2ED0BAA2-7751-4315-882D-B1C033456220}.AppStore|ARM.Build.0 = Release|ARM
		{2ED0BAA2-7751-4315-882D-B1C033456220}.AppStore|ARM.Deploy.0 = Release|ARM
		{2ED0BAA2-7751-4315-882D-B1C033456220}.AppStore|iPhone.ActiveCfg = Release|x64
		{2ED0BAA2-7751-4315-882D-B1C033456220}.AppStore|iPhone.Build.0 = Release|x64
		{2ED0BAA2-7751-4315-882D-B1C033456220}.AppStore|iPhone.Deploy.0 = Release|x64
		{2ED0BAA2-7751-4315-882D-B1C033456220}.AppStore|iPhoneSimulator.ActiveCfg = Release|x64
		{2ED0BAA2-7751-4315-882D-B1C033456220}.AppStore|iPhoneSimulator.Build.0 = Release|x64
		{2ED0BAA2-7751-4315-882D-B1C033456220}.AppStore|iPhoneSimulator.Deploy.0 = Release|x64
		{2ED0BAA2-7751-4315-882D-B1C033456220}.AppStore|x64.ActiveCfg = Release|x64
		{2ED0BAA2-7751-4315-882D-B1C033456220}.AppStore|x64.Build.0 = Release|x64
		{2ED0BAA2-7751-4315-882D-B1C033456220}.AppStore|x64.Deploy.0 = Release|x64
		{2ED0BAA2-7751-4315-882D-B1C033456220}.AppStore|x86.ActiveCfg = Release|x86
		{2ED0BAA2-7751-4315-882D-B1C033456220}.AppStore|x86.Build.0 = Release|x86
		{2ED0BAA2-7751-4315-882D-B1C033456220}.AppStore|x86.Deploy.0 = Release|x86
		{2ED0BAA2-7751-4315-882D-B1C033456220}.Debug|Any CPU.ActiveCfg = Debug|x86
		{2ED0BAA2-7751-4315-882D-B1C033456220}.Debug|Any CPU.Build.0 = Debug|x86
		{2ED0BAA2-7751-4315-882D-B1C033456220}.Debug|Any CPU.Deploy.0 = Debug|x86
		{2ED0BAA2-7751-4315-882D-B1C033456220}.Debug|ARM.ActiveCfg = Debug|ARM
		{2ED0BAA2-7751-4315-882D-B1C033456220}.Debug|ARM.Build.0 = Debug|ARM
		{2ED0BAA2-7751-4315-882D-B1C033456220}.Debug|ARM.Deploy.0 = Debug|ARM
		{2ED0BAA2-7751-4315-882D-B1C033456220}.Debug|iPhone.ActiveCfg = Debug|x86
		{2ED0BAA2-7751-4315-882D-B1C033456220}.Debug|iPhoneSimulator.ActiveCfg = Debug|x86
		{2ED0BAA2-7751-4315-882D-B1C033456220}.Debug|x64.ActiveCfg = Debug|x64
		{2ED0BAA2-7751-4315-882D-B1C033456220}.Debug|x64.Build.0 = Debug|x64
		{2ED0BAA2-7751-4315-882D-B1C033456220}.Debug|x64.Deploy.0 = Debug|x64
		{2ED0BAA2-7751-4315-882D-B1C033456220}.Debug|x86.ActiveCfg = Debug|x86
		{2ED0BAA2-7751-4315-882D-B1C033456220}.Debug|x86.Build.0 = Debug|x86
		{2ED0BAA2-7751-4315-882D-B1C033456220}.Debug|x86.Deploy.0 = Debug|x86
		{2ED0BAA2-7751-4315-882D-B1C033456220}.Release|Any CPU.ActiveCfg = Release|x86
		{2ED0BAA2-7751-4315-882D-B1C033456220}.Release|ARM.ActiveCfg = Release|ARM
		{2ED0BAA2-7751-4315-882D-B1C033456220}.Release|ARM.Build.0 = Release|ARM
		{2ED0BAA2-7751-4315-882D-B1C033456220}.Release|ARM.Deploy.0 = Release|ARM
		{2ED0BAA2-7751-4315-882D-B1C033456220}.Release|iPhone.ActiveCfg = Release|x86
		{2ED0BAA2-7751-4315-882D-B1C033456220}.Release|iPhoneSimulator.ActiveCfg = Release|x86
		{2ED0BAA2-7751-4315-882D-B1C033456220}.Release|x64.ActiveCfg = Release|x64
		{2ED0BAA2-7751-4315-882D-B1C033456220}.Release|x64.Build.0 = Release|x64
		{2ED0BAA2-7751-4315-882D-B1C033456220}.Release|x64.Deploy.0 = Release|x64
		{2ED0BAA2-7751-4315-882D-B1C033456220}.Release|x86.ActiveCfg = Release|x86
		{2ED0BAA2-7751-4315-882D-B1C033456220}.Release|x86.Build.0 = Release|x86
		{2ED0BAA2-7751-4315-882D-B1C033456220}.Release|x86.Deploy.0 = Release|x86
		{E19ABA81-B9E0-4E38-8155-1CC36FB91C67}.Ad-Hoc|Any CPU.ActiveCfg = Release|Any CPU
		{E19ABA81-B9E0-4E38-8155-1CC36FB91C67}.Ad-Hoc|Any CPU.Build.0 = Release|Any CPU
		{E19ABA81-B9E0-4E38-8155-1CC36FB91C67}.Ad-Hoc|Any CPU.Deploy.0 = Release|Any CPU
		{E19ABA81-B9E0-4E38-8155-1CC36FB91C67}.Ad-Hoc|ARM.ActiveCfg = Release|Any CPU
		{E19ABA81-B9E0-4E38-8155-1CC36FB91C67}.Ad-Hoc|ARM.Build.0 = Release|Any CPU
		{E19ABA81-B9E0-4E38-8155-1CC36FB91C67}.Ad-Hoc|ARM.Deploy.0 = Release|Any CPU
		{E19ABA81-B9E0-4E38-8155-1CC36FB91C67}.Ad-Hoc|iPhone.ActiveCfg = Release|Any CPU
		{E19ABA81-B9E0-4E38-8155-1CC36FB91C67}.Ad-Hoc|iPhone.Build.0 = Release|Any CPU
		{E19ABA81-B9E0-4E38-8155-1CC36FB91C67}.Ad-Hoc|iPhone.Deploy.0 = Release|Any CPU
		{E19ABA81-B9E0-4E38-8155-1CC36FB91C67}.Ad-Hoc|iPhoneSimulator.ActiveCfg = Release|Any CPU
		{E19ABA81-B9E0-4E38-8155-1CC36FB91C67}.Ad-Hoc|iPhoneSimulator.Build.0 = Release|Any CPU
		{E19ABA81-B9E0-4E38-8155-1CC36FB91C67}.Ad-Hoc|iPhoneSimulator.Deploy.0 = Release|Any CPU
		{E19ABA81-B9E0-4E38-8155-1CC36FB91C67}.Ad-Hoc|x64.ActiveCfg = Release|Any CPU
		{E19ABA81-B9E0-4E38-8155-1CC36FB91C67}.Ad-Hoc|x64.Build.0 = Release|Any CPU
		{E19ABA81-B9E0-4E38-8155-1CC36FB91C67}.Ad-Hoc|x64.Deploy.0 = Release|Any CPU
		{E19ABA81-B9E0-4E38-8155-1CC36FB91C67}.Ad-Hoc|x86.ActiveCfg = Release|Any CPU
		{E19ABA81-B9E0-4E38-8155-1CC36FB91C67}.Ad-Hoc|x86.Build.0 = Release|Any CPU
		{E19ABA81-B9E0-4E38-8155-1CC36FB91C67}.Ad-Hoc|x86.Deploy.0 = Release|Any CPU
		{E19ABA81-B9E0-4E38-8155-1CC36FB91C67}.AppStore|Any CPU.ActiveCfg = Release|Any CPU
		{E19ABA81-B9E0-4E38-8155-1CC36FB91C67}.AppStore|Any CPU.Build.0 = Release|Any CPU
		{E19ABA81-B9E0-4E38-8155-1CC36FB91C67}.AppStore|Any CPU.Deploy.0 = Release|Any CPU
		{E19ABA81-B9E0-4E38-8155-1CC36FB91C67}.AppStore|ARM.ActiveCfg = Release|Any CPU
		{E19ABA81-B9E0-4E38-8155-1CC36FB91C67}.AppStore|ARM.Build.0 = Release|Any CPU
		{E19ABA81-B9E0-4E38-8155-1CC36FB91C67}.AppStore|ARM.Deploy.0 = Release|Any CPU
		{E19ABA81-B9E0-4E38-8155-1CC36FB91C67}.AppStore|iPhone.ActiveCfg = Release|Any CPU
		{E19ABA81-B9E0-4E38-8155-1CC36FB91C67}.AppStore|iPhone.Build.0 = Release|Any CPU
		{E19ABA81-B9E0-4E38-8155-1CC36FB91C67}.AppStore|iPhone.Deploy.0 = Release|Any CPU
		{E19ABA81-B9E0-4E38-8155-1CC36FB91C67}.AppStore|iPhoneSimulator.ActiveCfg = Release|Any CPU
		{E19ABA81-B9E0-4E38-8155-1CC36FB91C67}.AppStore|iPhoneSimulator.Build.0 = Release|Any CPU
		{E19ABA81-B9E0-4E38-8155-1CC36FB91C67}.AppStore|iPhoneSimulator.Deploy.0 = Release|Any CPU
		{E19ABA81-B9E0-4E38-8155-1CC36FB91C67}.AppStore|x64.ActiveCfg = Release|Any CPU
		{E19ABA81-B9E0-4E38-8155-1CC36FB91C67}.AppStore|x64.Build.0 = Release|Any CPU
		{E19ABA81-B9E0-4E38-8155-1CC36FB91C67}.AppStore|x64.Deploy.0 = Release|Any CPU
		{E19ABA81-B9E0-4E38-8155-1CC36FB91C67}.AppStore|x86.ActiveCfg = Release|Any CPU
		{E19ABA81-B9E0-4E38-8155-1CC36FB91C67}.AppStore|x86.Build.0 = Release|Any CPU
		{E19ABA81-B9E0-4E38-8155-1CC36FB91C67}.AppStore|x86.Deploy.0 = Release|Any CPU
		{E19ABA81-B9E0-4E38-8155-1CC36FB91C67}.Debug|Any CPU.ActiveCfg = Debug|Any CPU
		{E19ABA81-B9E0-4E38-8155-1CC36FB91C67}.Debug|Any CPU.Build.0 = Debug|Any CPU
		{E19ABA81-B9E0-4E38-8155-1CC36FB91C67}.Debug|Any CPU.Deploy.0 = Debug|Any CPU
		{E19ABA81-B9E0-4E38-8155-1CC36FB91C67}.Debug|ARM.ActiveCfg = Debug|Any CPU
		{E19ABA81-B9E0-4E38-8155-1CC36FB91C67}.Debug|ARM.Build.0 = Debug|Any CPU
		{E19ABA81-B9E0-4E38-8155-1CC36FB91C67}.Debug|ARM.Deploy.0 = Debug|Any CPU
		{E19ABA81-B9E0-4E38-8155-1CC36FB91C67}.Debug|iPhone.ActiveCfg = Debug|Any CPU
		{E19ABA81-B9E0-4E38-8155-1CC36FB91C67}.Debug|iPhone.Build.0 = Debug|Any CPU
		{E19ABA81-B9E0-4E38-8155-1CC36FB91C67}.Debug|iPhone.Deploy.0 = Debug|Any CPU
		{E19ABA81-B9E0-4E38-8155-1CC36FB91C67}.Debug|iPhoneSimulator.ActiveCfg = Debug|Any CPU
		{E19ABA81-B9E0-4E38-8155-1CC36FB91C67}.Debug|iPhoneSimulator.Build.0 = Debug|Any CPU
		{E19ABA81-B9E0-4E38-8155-1CC36FB91C67}.Debug|iPhoneSimulator.Deploy.0 = Debug|Any CPU
		{E19ABA81-B9E0-4E38-8155-1CC36FB91C67}.Debug|x64.ActiveCfg = Debug|Any CPU
		{E19ABA81-B9E0-4E38-8155-1CC36FB91C67}.Debug|x64.Build.0 = Debug|Any CPU
		{E19ABA81-B9E0-4E38-8155-1CC36FB91C67}.Debug|x64.Deploy.0 = Debug|Any CPU
		{E19ABA81-B9E0-4E38-8155-1CC36FB91C67}.Debug|x86.ActiveCfg = Debug|Any CPU
		{E19ABA81-B9E0-4E38-8155-1CC36FB91C67}.Debug|x86.Build.0 = Debug|Any CPU
		{E19ABA81-B9E0-4E38-8155-1CC36FB91C67}.Debug|x86.Deploy.0 = Debug|Any CPU
		{E19ABA81-B9E0-4E38-8155-1CC36FB91C67}.Release|Any CPU.ActiveCfg = Release|Any CPU
		{E19ABA81-B9E0-4E38-8155-1CC36FB91C67}.Release|Any CPU.Build.0 = Release|Any CPU
		{E19ABA81-B9E0-4E38-8155-1CC36FB91C67}.Release|Any CPU.Deploy.0 = Release|Any CPU
		{E19ABA81-B9E0-4E38-8155-1CC36FB91C67}.Release|ARM.ActiveCfg = Release|Any CPU
		{E19ABA81-B9E0-4E38-8155-1CC36FB91C67}.Release|ARM.Build.0 = Release|Any CPU
		{E19ABA81-B9E0-4E38-8155-1CC36FB91C67}.Release|ARM.Deploy.0 = Release|Any CPU
		{E19ABA81-B9E0-4E38-8155-1CC36FB91C67}.Release|iPhone.ActiveCfg = Release|Any CPU
		{E19ABA81-B9E0-4E38-8155-1CC36FB91C67}.Release|iPhone.Build.0 = Release|Any CPU
		{E19ABA81-B9E0-4E38-8155-1CC36FB91C67}.Release|iPhone.Deploy.0 = Release|Any CPU
		{E19ABA81-B9E0-4E38-8155-1CC36FB91C67}.Release|iPhoneSimulator.ActiveCfg = Release|Any CPU
		{E19ABA81-B9E0-4E38-8155-1CC36FB91C67}.Release|iPhoneSimulator.Build.0 = Release|Any CPU
		{E19ABA81-B9E0-4E38-8155-1CC36FB91C67}.Release|iPhoneSimulator.Deploy.0 = Release|Any CPU
		{E19ABA81-B9E0-4E38-8155-1CC36FB91C67}.Release|x64.ActiveCfg = Release|Any CPU
		{E19ABA81-B9E0-4E38-8155-1CC36FB91C67}.Release|x64.Build.0 = Release|Any CPU
		{E19ABA81-B9E0-4E38-8155-1CC36FB91C67}.Release|x64.Deploy.0 = Release|Any CPU
		{E19ABA81-B9E0-4E38-8155-1CC36FB91C67}.Release|x86.ActiveCfg = Release|Any CPU
		{E19ABA81-B9E0-4E38-8155-1CC36FB91C67}.Release|x86.Build.0 = Release|Any CPU
		{E19ABA81-B9E0-4E38-8155-1CC36FB91C67}.Release|x86.Deploy.0 = Release|Any CPU
		{C47A591D-36F4-45D1-AD09-6D2A62D98788}.Ad-Hoc|Any CPU.ActiveCfg = Ad-Hoc|iPhone
		{C47A591D-36F4-45D1-AD09-6D2A62D98788}.Ad-Hoc|ARM.ActiveCfg = Ad-Hoc|iPhone
		{C47A591D-36F4-45D1-AD09-6D2A62D98788}.Ad-Hoc|iPhone.ActiveCfg = Ad-Hoc|iPhone
		{C47A591D-36F4-45D1-AD09-6D2A62D98788}.Ad-Hoc|iPhone.Build.0 = Ad-Hoc|iPhone
		{C47A591D-36F4-45D1-AD09-6D2A62D98788}.Ad-Hoc|iPhoneSimulator.ActiveCfg = Ad-Hoc|iPhoneSimulator
		{C47A591D-36F4-45D1-AD09-6D2A62D98788}.Ad-Hoc|iPhoneSimulator.Build.0 = Ad-Hoc|iPhoneSimulator
		{C47A591D-36F4-45D1-AD09-6D2A62D98788}.Ad-Hoc|x64.ActiveCfg = Ad-Hoc|iPhone
		{C47A591D-36F4-45D1-AD09-6D2A62D98788}.Ad-Hoc|x86.ActiveCfg = Ad-Hoc|iPhone
		{C47A591D-36F4-45D1-AD09-6D2A62D98788}.AppStore|Any CPU.ActiveCfg = AppStore|iPhone
		{C47A591D-36F4-45D1-AD09-6D2A62D98788}.AppStore|ARM.ActiveCfg = AppStore|iPhone
		{C47A591D-36F4-45D1-AD09-6D2A62D98788}.AppStore|iPhone.ActiveCfg = AppStore|iPhone
		{C47A591D-36F4-45D1-AD09-6D2A62D98788}.AppStore|iPhone.Build.0 = AppStore|iPhone
		{C47A591D-36F4-45D1-AD09-6D2A62D98788}.AppStore|iPhoneSimulator.ActiveCfg = AppStore|iPhoneSimulator
		{C47A591D-36F4-45D1-AD09-6D2A62D98788}.AppStore|iPhoneSimulator.Build.0 = AppStore|iPhoneSimulator
		{C47A591D-36F4-45D1-AD09-6D2A62D98788}.AppStore|x64.ActiveCfg = AppStore|iPhone
		{C47A591D-36F4-45D1-AD09-6D2A62D98788}.AppStore|x86.ActiveCfg = AppStore|iPhone
		{C47A591D-36F4-45D1-AD09-6D2A62D98788}.Debug|Any CPU.ActiveCfg = Debug|iPhone
		{C47A591D-36F4-45D1-AD09-6D2A62D98788}.Debug|ARM.ActiveCfg = Debug|iPhone
		{C47A591D-36F4-45D1-AD09-6D2A62D98788}.Debug|iPhone.ActiveCfg = Debug|iPhone
		{C47A591D-36F4-45D1-AD09-6D2A62D98788}.Debug|iPhone.Build.0 = Debug|iPhone
		{C47A591D-36F4-45D1-AD09-6D2A62D98788}.Debug|iPhoneSimulator.ActiveCfg = Debug|iPhoneSimulator
		{C47A591D-36F4-45D1-AD09-6D2A62D98788}.Debug|iPhoneSimulator.Build.0 = Debug|iPhoneSimulator
		{C47A591D-36F4-45D1-AD09-6D2A62D98788}.Debug|x64.ActiveCfg = Debug|iPhone
		{C47A591D-36F4-45D1-AD09-6D2A62D98788}.Debug|x86.ActiveCfg = Debug|iPhone
		{C47A591D-36F4-45D1-AD09-6D2A62D98788}.Release|Any CPU.ActiveCfg = Release|iPhone
		{C47A591D-36F4-45D1-AD09-6D2A62D98788}.Release|ARM.ActiveCfg = Release|iPhone
		{C47A591D-36F4-45D1-AD09-6D2A62D98788}.Release|iPhone.ActiveCfg = Release|iPhone
		{C47A591D-36F4-45D1-AD09-6D2A62D98788}.Release|iPhone.Build.0 = Release|iPhone
		{C47A591D-36F4-45D1-AD09-6D2A62D98788}.Release|iPhoneSimulator.ActiveCfg = Release|iPhoneSimulator
		{C47A591D-36F4-45D1-AD09-6D2A62D98788}.Release|iPhoneSimulator.Build.0 = Release|iPhoneSimulator
		{C47A591D-36F4-45D1-AD09-6D2A62D98788}.Release|x64.ActiveCfg = Release|iPhone
		{C47A591D-36F4-45D1-AD09-6D2A62D98788}.Release|x86.ActiveCfg = Release|iPhone
		{E7EAF2D0-D6C2-49DD-AD02-D824B287720A}.Ad-Hoc|Any CPU.ActiveCfg = Debug|Any CPU
		{E7EAF2D0-D6C2-49DD-AD02-D824B287720A}.Ad-Hoc|Any CPU.Build.0 = Debug|Any CPU
		{E7EAF2D0-D6C2-49DD-AD02-D824B287720A}.Ad-Hoc|ARM.ActiveCfg = Debug|Any CPU
		{E7EAF2D0-D6C2-49DD-AD02-D824B287720A}.Ad-Hoc|ARM.Build.0 = Debug|Any CPU
		{E7EAF2D0-D6C2-49DD-AD02-D824B287720A}.Ad-Hoc|iPhone.ActiveCfg = Debug|Any CPU
		{E7EAF2D0-D6C2-49DD-AD02-D824B287720A}.Ad-Hoc|iPhone.Build.0 = Debug|Any CPU
		{E7EAF2D0-D6C2-49DD-AD02-D824B287720A}.Ad-Hoc|iPhoneSimulator.ActiveCfg = Debug|Any CPU
		{E7EAF2D0-D6C2-49DD-AD02-D824B287720A}.Ad-Hoc|iPhoneSimulator.Build.0 = Debug|Any CPU
		{E7EAF2D0-D6C2-49DD-AD02-D824B287720A}.Ad-Hoc|x64.ActiveCfg = Debug|Any CPU
		{E7EAF2D0-D6C2-49DD-AD02-D824B287720A}.Ad-Hoc|x64.Build.0 = Debug|Any CPU
		{E7EAF2D0-D6C2-49DD-AD02-D824B287720A}.Ad-Hoc|x86.ActiveCfg = Debug|Any CPU
		{E7EAF2D0-D6C2-49DD-AD02-D824B287720A}.Ad-Hoc|x86.Build.0 = Debug|Any CPU
		{E7EAF2D0-D6C2-49DD-AD02-D824B287720A}.AppStore|Any CPU.ActiveCfg = Debug|Any CPU
		{E7EAF2D0-D6C2-49DD-AD02-D824B287720A}.AppStore|Any CPU.Build.0 = Debug|Any CPU
		{E7EAF2D0-D6C2-49DD-AD02-D824B287720A}.AppStore|ARM.ActiveCfg = Debug|Any CPU
		{E7EAF2D0-D6C2-49DD-AD02-D824B287720A}.AppStore|ARM.Build.0 = Debug|Any CPU
		{E7EAF2D0-D6C2-49DD-AD02-D824B287720A}.AppStore|iPhone.ActiveCfg = Debug|Any CPU
		{E7EAF2D0-D6C2-49DD-AD02-D824B287720A}.AppStore|iPhone.Build.0 = Debug|Any CPU
		{E7EAF2D0-D6C2-49DD-AD02-D824B287720A}.AppStore|iPhoneSimulator.ActiveCfg = Debug|Any CPU
		{E7EAF2D0-D6C2-49DD-AD02-D824B287720A}.AppStore|iPhoneSimulator.Build.0 = Debug|Any CPU
		{E7EAF2D0-D6C2-49DD-AD02-D824B287720A}.AppStore|x64.ActiveCfg = Debug|Any CPU
		{E7EAF2D0-D6C2-49DD-AD02-D824B287720A}.AppStore|x64.Build.0 = Debug|Any CPU
		{E7EAF2D0-D6C2-49DD-AD02-D824B287720A}.AppStore|x86.ActiveCfg = Debug|Any CPU
		{E7EAF2D0-D6C2-49DD-AD02-D824B287720A}.AppStore|x86.Build.0 = Debug|Any CPU
		{E7EAF2D0-D6C2-49DD-AD02-D824B287720A}.Debug|Any CPU.ActiveCfg = Debug|Any CPU
		{E7EAF2D0-D6C2-49DD-AD02-D824B287720A}.Debug|Any CPU.Build.0 = Debug|Any CPU
		{E7EAF2D0-D6C2-49DD-AD02-D824B287720A}.Debug|ARM.ActiveCfg = Debug|Any CPU
		{E7EAF2D0-D6C2-49DD-AD02-D824B287720A}.Debug|ARM.Build.0 = Debug|Any CPU
		{E7EAF2D0-D6C2-49DD-AD02-D824B287720A}.Debug|iPhone.ActiveCfg = Debug|Any CPU
		{E7EAF2D0-D6C2-49DD-AD02-D824B287720A}.Debug|iPhone.Build.0 = Debug|Any CPU
		{E7EAF2D0-D6C2-49DD-AD02-D824B287720A}.Debug|iPhoneSimulator.ActiveCfg = Debug|Any CPU
		{E7EAF2D0-D6C2-49DD-AD02-D824B287720A}.Debug|iPhoneSimulator.Build.0 = Debug|Any CPU
		{E7EAF2D0-D6C2-49DD-AD02-D824B287720A}.Debug|x64.ActiveCfg = Debug|Any CPU
		{E7EAF2D0-D6C2-49DD-AD02-D824B287720A}.Debug|x64.Build.0 = Debug|Any CPU
		{E7EAF2D0-D6C2-49DD-AD02-D824B287720A}.Debug|x86.ActiveCfg = Debug|Any CPU
		{E7EAF2D0-D6C2-49DD-AD02-D824B287720A}.Debug|x86.Build.0 = Debug|Any CPU
		{E7EAF2D0-D6C2-49DD-AD02-D824B287720A}.Release|Any CPU.ActiveCfg = Release|Any CPU
		{E7EAF2D0-D6C2-49DD-AD02-D824B287720A}.Release|Any CPU.Build.0 = Release|Any CPU
		{E7EAF2D0-D6C2-49DD-AD02-D824B287720A}.Release|ARM.ActiveCfg = Release|Any CPU
		{E7EAF2D0-D6C2-49DD-AD02-D824B287720A}.Release|ARM.Build.0 = Release|Any CPU
		{E7EAF2D0-D6C2-49DD-AD02-D824B287720A}.Release|iPhone.ActiveCfg = Release|Any CPU
		{E7EAF2D0-D6C2-49DD-AD02-D824B287720A}.Release|iPhone.Build.0 = Release|Any CPU
		{E7EAF2D0-D6C2-49DD-AD02-D824B287720A}.Release|iPhoneSimulator.ActiveCfg = Release|Any CPU
		{E7EAF2D0-D6C2-49DD-AD02-D824B287720A}.Release|iPhoneSimulator.Build.0 = Release|Any CPU
		{E7EAF2D0-D6C2-49DD-AD02-D824B287720A}.Release|x64.ActiveCfg = Release|Any CPU
		{E7EAF2D0-D6C2-49DD-AD02-D824B287720A}.Release|x64.Build.0 = Release|Any CPU
		{E7EAF2D0-D6C2-49DD-AD02-D824B287720A}.Release|x86.ActiveCfg = Release|Any CPU
		{E7EAF2D0-D6C2-49DD-AD02-D824B287720A}.Release|x86.Build.0 = Release|Any CPU
	EndGlobalSection
	GlobalSection(SolutionProperties) = preSolution
		HideSolutionNode = FALSE
	EndGlobalSection
	GlobalSection(ExtensibilityGlobals) = postSolution
		SolutionGuid = {9814C6F1-8912-47B9-B649-583BCA0026BC}
	EndGlobalSection
EndGlobal
